
Microsoft Visual Studio Solution File, Format Version 12.00
# Visual Studio 2013
VisualStudioVersion = 12.0.31101.0
MinimumVisualStudioVersion = 10.0.40219.1
Project("{FAE04EC0-301F-11D3-BF4B-00C04F79EFBC}") = "TwitchModel", "TwitchModel\TwitchModel.csproj", "{F5787A78-37B9-47B6-BAD9-2728B6EEF0AD}"
EndProject
Project("{7CF6DF6D-3B04-46F8-A40B-537D21BCA0B4}") = "TwitchModelDoc", "TwitchModelDoc\TwitchModelDoc.shfbproj", "{D86BD7C8-37C1-4FCE-B216-27741FB70242}"
	ProjectSection(ProjectDependencies) = postProject
		{F5787A78-37B9-47B6-BAD9-2728B6EEF0AD} = {F5787A78-37B9-47B6-BAD9-2728B6EEF0AD}
	EndProjectSection
EndProject
Global
	GlobalSection(SolutionConfigurationPlatforms) = preSolution
		Debug|Any CPU = Debug|Any CPU
		Release|Any CPU = Release|Any CPU
		ReleaseWithoutDocs|Any CPU = ReleaseWithoutDocs|Any CPU
	EndGlobalSection
	GlobalSection(ProjectConfigurationPlatforms) = postSolution
		{F5787A78-37B9-47B6-BAD9-2728B6EEF0AD}.Debug|Any CPU.ActiveCfg = Debug|Any CPU
		{F5787A78-37B9-47B6-BAD9-2728B6EEF0AD}.Debug|Any CPU.Build.0 = Debug|Any CPU
		{F5787A78-37B9-47B6-BAD9-2728B6EEF0AD}.Release|Any CPU.ActiveCfg = Release|Any CPU
		{F5787A78-37B9-47B6-BAD9-2728B6EEF0AD}.Release|Any CPU.Build.0 = Release|Any CPU
		{F5787A78-37B9-47B6-BAD9-2728B6EEF0AD}.ReleaseWithoutDocs|Any CPU.ActiveCfg = ReleaseWithoutDocs|Any CPU
                {F5787A78-37B9-47B6-BAD9-2728B6EEF0AD}.ReleaseWithoutDocs|Any CPU.Build.0 = ReleaseWithoutDocs|Any CPU
		{D86BD7C8-37C1-4FCE-B216-27741FB70242}.Debug|Any CPU.ActiveCfg = Debug|Any CPU
		{D86BD7C8-37C1-4FCE-B216-27741FB70242}.Debug|Any CPU.Build.0 = Debug|Any CPU
		{D86BD7C8-37C1-4FCE-B216-27741FB70242}.Release|Any CPU.ActiveCfg = Release|Any CPU
		{D86BD7C8-37C1-4FCE-B216-27741FB70242}.Release|Any CPU.Build.0 = Release|Any CPU
	EndGlobalSection
	GlobalSection(SolutionProperties) = preSolution
		HideSolutionNode = FALSE
	EndGlobalSection
EndGlobal
